{
  "name": "anki-deck-generator-tui",
  "version": "3.0.0",
  "lockfileVersion": 3,
  "requires": true,
  "packages": {
    "": {
      "name": "anki-deck-generator-tui",
      "version": "3.0.0",
      "dependencies": {
        "@charmland/lipgloss": "^2.0.0-beta.3"
      },
      "engines": {
        "node": ">=20.12.0"
      }
    },
    "node_modules/@charmland/lipgloss": {
      "version": "2.0.0-beta.3-0e280f3",
      "resolved": "https://registry.npmjs.org/@charmland/lipgloss/-/lipgloss-2.0.0-beta.3-0e280f3.tgz",
      "integrity": "sha512-F2J7CCl6srSbtlIzJEELtWCq3yVgTQ9pi9JYqR8pcss45as9xGQQdMzJ2QbcKH+Lv8IbAbmtT5ryE4thjGUbDA==",
      "license": "MIT"
    }
  }
}
